
Microsoft Visual Studio Solution File, Format Version 12.00
# Visual Studio Version 17
VisualStudioVersion = 17.11.35219.272
MinimumVisualStudioVersion = 10.0.40219.1
Project("{9A19103F-16F7-4668-BE54-9A1E7A4F7556}") = "Fundamentals", "Fundamentals\Fundamentals.csproj", "{0226199E-2213-446E-96E5-4EDAC1F37852}"
EndProject
Project("{FAE04EC0-301F-11D3-BF4B-00C04F79EFBC}") = "Methods_Demo", "Methods_Demo\Methods_Demo.csproj", "{5D309E94-60CC-4EA7-B772-08A06CF4C2B3}"
EndProject
Project("{FAE04EC0-301F-11D3-BF4B-00C04F79EFBC}") = "ConsoleAppDemo", "ConsoleAppDemo\ConsoleAppDemo.csproj", "{87003E70-8DDC-4D45-8214-A7254D13246A}"
EndProject
Project("{FAE04EC0-301F-11D3-BF4B-00C04F79EFBC}") = "SecToMin", "SecToMin\SecToMin.csproj", "{C657A313-0DA0-438E-A26A-966C42734523}"
EndProject
Project("{FAE04EC0-301F-11D3-BF4B-00C04F79EFBC}") = "ControlStatementsDemo", "ControlStatementsDemo\ControlStatementsDemo.csproj", "{9B984A78-EBB9-4318-9DD8-5FC830B5F548}"
EndProject
Project("{FAE04EC0-301F-11D3-BF4B-00C04F79EFBC}") = "IOCExplained", "IOCExplained\IOCExplained.csproj", "{DD836AF0-3D2F-4230-99FA-F3BC5A0E2EA3}"
EndProject
Global
	GlobalSection(SolutionConfigurationPlatforms) = preSolution
		Debug|Any CPU = Debug|Any CPU
		Release|Any CPU = Release|Any CPU
	EndGlobalSection
	GlobalSection(ProjectConfigurationPlatforms) = postSolution
		{0226199E-2213-446E-96E5-4EDAC1F37852}.Debug|Any CPU.ActiveCfg = Debug|Any CPU
		{0226199E-2213-446E-96E5-4EDAC1F37852}.Debug|Any CPU.Build.0 = Debug|Any CPU
		{0226199E-2213-446E-96E5-4EDAC1F37852}.Release|Any CPU.ActiveCfg = Release|Any CPU
		{0226199E-2213-446E-96E5-4EDAC1F37852}.Release|Any CPU.Build.0 = Release|Any CPU
		{5D309E94-60CC-4EA7-B772-08A06CF4C2B3}.Debug|Any CPU.ActiveCfg = Debug|Any CPU
		{5D309E94-60CC-4EA7-B772-08A06CF4C2B3}.Debug|Any CPU.Build.0 = Debug|Any CPU
		{5D309E94-60CC-4EA7-B772-08A06CF4C2B3}.Release|Any CPU.ActiveCfg = Release|Any CPU
		{5D309E94-60CC-4EA7-B772-08A06CF4C2B3}.Release|Any CPU.Build.0 = Release|Any CPU
		{87003E70-8DDC-4D45-8214-A7254D13246A}.Debug|Any CPU.ActiveCfg = Debug|Any CPU
		{87003E70-8DDC-4D45-8214-A7254D13246A}.Debug|Any CPU.Build.0 = Debug|Any CPU
		{87003E70-8DDC-4D45-8214-A7254D13246A}.Release|Any CPU.ActiveCfg = Release|Any CPU
		{87003E70-8DDC-4D45-8214-A7254D13246A}.Release|Any CPU.Build.0 = Release|Any CPU
		{C657A313-0DA0-438E-A26A-966C42734523}.Debug|Any CPU.ActiveCfg = Debug|Any CPU
		{C657A313-0DA0-438E-A26A-966C42734523}.Debug|Any CPU.Build.0 = Debug|Any CPU
		{C657A313-0DA0-438E-A26A-966C42734523}.Release|Any CPU.ActiveCfg = Release|Any CPU
		{C657A313-0DA0-438E-A26A-966C42734523}.Release|Any CPU.Build.0 = Release|Any CPU
		{9B984A78-EBB9-4318-9DD8-5FC830B5F548}.Debug|Any CPU.ActiveCfg = Debug|Any CPU
		{9B984A78-EBB9-4318-9DD8-5FC830B5F548}.Debug|Any CPU.Build.0 = Debug|Any CPU
		{9B984A78-EBB9-4318-9DD8-5FC830B5F548}.Release|Any CPU.ActiveCfg = Release|Any CPU
		{9B984A78-EBB9-4318-9DD8-5FC830B5F548}.Release|Any CPU.Build.0 = Release|Any CPU
		{DD836AF0-3D2F-4230-99FA-F3BC5A0E2EA3}.Debug|Any CPU.ActiveCfg = Debug|Any CPU
		{DD836AF0-3D2F-4230-99FA-F3BC5A0E2EA3}.Debug|Any CPU.Build.0 = Debug|Any CPU
		{DD836AF0-3D2F-4230-99FA-F3BC5A0E2EA3}.Release|Any CPU.ActiveCfg = Release|Any CPU
		{DD836AF0-3D2F-4230-99FA-F3BC5A0E2EA3}.Release|Any CPU.Build.0 = Release|Any CPU
	EndGlobalSection
	GlobalSection(SolutionProperties) = preSolution
		HideSolutionNode = FALSE
	EndGlobalSection
	GlobalSection(ExtensibilityGlobals) = postSolution
		SolutionGuid = {B4AD59A9-B4E2-4D63-A1E4-6E002886061F}
	EndGlobalSection
EndGlobal
